
Microsoft Visual Studio Solution File, Format Version 12.00
# Visual Studio 15
VisualStudioVersion = 15.0.28307.645
MinimumVisualStudioVersion = 10.0.40219.1
Project("{FAE04EC0-301F-11D3-BF4B-00C04F79EFBC}") = "YenySim", "YenySim\YenySim.csproj", "{B412C9E7-D21A-4968-851B-4A5E07F8A9B4}"
EndProject
Global
	GlobalSection(SolutionConfigurationPlatforms) = preSolution
		Debug|Any CPU = Debug|Any CPU
		Release|Any CPU = Release|Any CPU
	EndGlobalSection
	GlobalSection(ProjectConfigurationPlatforms) = postSolution
		{B412C9E7-D21A-4968-851B-4A5E07F8A9B4}.Debug|Any CPU.ActiveCfg = Debug|Any CPU
		{B412C9E7-D21A-4968-851B-4A5E07F8A9B4}.Debug|Any CPU.Build.0 = Debug|Any CPU
		{B412C9E7-D21A-4968-851B-4A5E07F8A9B4}.Release|Any CPU.ActiveCfg = Release|Any CPU
		{B412C9E7-D21A-4968-851B-4A5E07F8A9B4}.Release|Any CPU.Build.0 = Release|Any CPU
	EndGlobalSection
	GlobalSection(SolutionProperties) = preSolution
		HideSolutionNode = FALSE
	EndGlobalSection
	GlobalSection(ExtensibilityGlobals) = postSolution
		SolutionGuid = {F0CC6E58-0201-41A9-BD5B-8AAD49382050}
	EndGlobalSection
EndGlobal
